
Microsoft Visual Studio Solution File, Format Version 12.00
# Visual Studio Version 16
VisualStudioVersion = 16.0.31205.134
MinimumVisualStudioVersion = 10.0.40219.1
Project("{FAE04EC0-301F-11D3-BF4B-00C04F79EFBC}") = "SYLLOGISM", "SYLLOGISM\SYLLOGISM.csproj", "{5583E55B-E1A0-4E52-8B81-066EF001F9DE}"
EndProject
Project("{FAE04EC0-301F-11D3-BF4B-00C04F79EFBC}") = "Syllogism.Lite", "Syllogism.Lite\Syllogism.Lite.csproj", "{C6C3270C-1973-4980-96B7-8E6902C44FFC}"
EndProject
Global
	GlobalSection(SolutionConfigurationPlatforms) = preSolution
		Debug|Any CPU = Debug|Any CPU
		Debug|x86 = Debug|x86
		Release|Any CPU = Release|Any CPU
		Release|x86 = Release|x86
	EndGlobalSection
	GlobalSection(ProjectConfigurationPlatforms) = postSolution
		{5583E55B-E1A0-4E52-8B81-066EF001F9DE}.Debug|Any CPU.ActiveCfg = Debug|x86
		{5583E55B-E1A0-4E52-8B81-066EF001F9DE}.Debug|x86.ActiveCfg = Debug|x86
		{5583E55B-E1A0-4E52-8B81-066EF001F9DE}.Debug|x86.Build.0 = Debug|x86
		{5583E55B-E1A0-4E52-8B81-066EF001F9DE}.Release|Any CPU.ActiveCfg = Release|x86
		{5583E55B-E1A0-4E52-8B81-066EF001F9DE}.Release|x86.ActiveCfg = Release|x86
		{5583E55B-E1A0-4E52-8B81-066EF001F9DE}.Release|x86.Build.0 = Release|x86
		{C6C3270C-1973-4980-96B7-8E6902C44FFC}.Debug|Any CPU.ActiveCfg = Debug|Any CPU
		{C6C3270C-1973-4980-96B7-8E6902C44FFC}.Debug|Any CPU.Build.0 = Debug|Any CPU
		{C6C3270C-1973-4980-96B7-8E6902C44FFC}.Debug|x86.ActiveCfg = Debug|Any CPU
		{C6C3270C-1973-4980-96B7-8E6902C44FFC}.Debug|x86.Build.0 = Debug|Any CPU
		{C6C3270C-1973-4980-96B7-8E6902C44FFC}.Release|Any CPU.ActiveCfg = Release|Any CPU
		{C6C3270C-1973-4980-96B7-8E6902C44FFC}.Release|Any CPU.Build.0 = Release|Any CPU
		{C6C3270C-1973-4980-96B7-8E6902C44FFC}.Release|x86.ActiveCfg = Release|Any CPU
		{C6C3270C-1973-4980-96B7-8E6902C44FFC}.Release|x86.Build.0 = Release|Any CPU
	EndGlobalSection
	GlobalSection(SolutionProperties) = preSolution
		HideSolutionNode = FALSE
	EndGlobalSection
	GlobalSection(ExtensibilityGlobals) = postSolution
		SolutionGuid = {F47881CD-2373-430B-8DD3-1B72F5269058}
	EndGlobalSection
EndGlobal
